{
  "name": "line-diff",
  "version": "2.1.2",
  "lockfileVersion": 3,
  "requires": true,
  "packages": {
    "": {
      "name": "line-diff",
      "version": "2.1.2",
      "license": "MIT",
      "dependencies": {
        "levdist": "^1.0.0"
      },
      "devDependencies": {}
    },
    "node_modules/levdist": {
      "version": "1.0.0",
      "resolved": "https://registry.npmjs.org/levdist/-/levdist-1.0.0.tgz",
      "integrity": "sha1-kdejBElk8szEIaBHfKyCf+dcVxg="
    }
  }
}
